// !$*UTF8*$!
{
	archiveVersion = 1;
	classes = {
	};
	objectVersion = 55;
	objects = {

/* Begin PBXBuildFile section */
		950F16E326FB85F900085A0D /* DataAnimation.swift in Sources */ = {isa = PBXBuildFile; fileRef = 950F16E226FB85F900085A0D /* DataAnimation.swift */; };
		95CA394126FB262800267DEE /* AppDelegate.swift in Sources */ = {isa = PBXBuildFile; fileRef = 95CA394026FB262800267DEE /* AppDelegate.swift */; };
		95CA394326FB262800267DEE /* SceneDelegate.swift in Sources */ = {isa = PBXBuildFile; fileRef = 95CA394226FB262800267DEE /* SceneDelegate.swift */; };
		95CA394526FB262800267DEE /* MainViewController.swift in Sources */ = {isa = PBXBuildFile; fileRef = 95CA394426FB262800267DEE /* MainViewController.swift */; };
		95CA394826FB262800267DEE /* Main.storyboard in Resources */ = {isa = PBXBuildFile; fileRef = 95CA394626FB262800267DEE /* Main.storyboard */; };
		95CA394A26FB262900267DEE /* Assets.xcassets in Resources */ = {isa = PBXBuildFile; fileRef = 95CA394926FB262900267DEE /* Assets.xcassets */; };
		95CA394D26FB262900267DEE /* LaunchScreen.storyboard in Resources */ = {isa = PBXBuildFile; fileRef = 95CA394B26FB262900267DEE /* LaunchScreen.storyboard */; };
		95CA395526FB2F9D00267DEE /* Animate.swift in Sources */ = {isa = PBXBuildFile; fileRef = 95CA395426FB2F9D00267DEE /* Animate.swift */; };
		D9EFE7E2F3E711D0BF072C83 /* Pods_SpringAnimate.framework in Frameworks */ = {isa = PBXBuildFile; fileRef = 437F645B056BF6B9A7807D54 /* Pods_SpringAnimate.framework */; };
/* End PBXBuildFile section */

/* Begin PBXFileReference section */
		437F645B056BF6B9A7807D54 /* Pods_SpringAnimate.framework */ = {isa = PBXFileReference; explicitFileType = wrapper.framework; includeInIndex = 0; path = Pods_SpringAnimate.framework; sourceTree = BUILT_PRODUCTS_DIR; };
		950F16E226FB85F900085A0D /* DataAnimation.swift */ = {isa = PBXFileReference; lastKnownFileType = sourcecode.swift; path = DataAnimation.swift; sourceTree = "<group>"; };
		95CA393D26FB262800267DEE /* SpringAnimate.app */ = {isa = PBXFileReference; explicitFileType = wrapper.application; includeInIndex = 0; path = SpringAnimate.app; sourceTree = BUILT_PRODUCTS_DIR; };
		95CA394026FB262800267DEE /* AppDelegate.swift */ = {isa = PBXFileReference; lastKnownFileType = sourcecode.swift; path = AppDelegate.swift; sourceTree = "<group>"; };
		95CA394226FB262800267DEE /* SceneDelegate.swift */ = {isa = PBXFileReference; lastKnownFileType = sourcecode.swift; path = SceneDelegate.swift; sourceTree = "<group>"; };
		95CA394426FB262800267DEE /* MainViewController.swift */ = {isa = PBXFileReference; lastKnownFileType = sourcecode.swift; path = MainViewController.swift; sourceTree = "<group>"; };
		95CA394726FB262800267DEE /* Base */ = {isa = PBXFileReference; lastKnownFileType = file.storyboard; name = Base; path = Base.lproj/Main.storyboard; sourceTree = "<group>"; };
		95CA394926FB262900267DEE /* Assets.xcassets */ = {isa = PBXFileReference; lastKnownFileType = folder.assetcatalog; path = Assets.xcassets; sourceTree = "<group>"; };
		95CA394C26FB262900267DEE /* Base */ = {isa = PBXFileReference; lastKnownFileType = file.storyboard; name = Base; path = Base.lproj/LaunchScreen.storyboard; sourceTree = "<group>"; };
		95CA394E26FB262900267DEE /* Info.plist */ = {isa = PBXFileReference; lastKnownFileType = text.plist.xml; path = Info.plist; sourceTree = "<group>"; };
		95CA395426FB2F9D00267DEE /* Animate.swift */ = {isa = PBXFileReference; lastKnownFileType = sourcecode.swift; path = Animate.swift; sourceTree = "<group>"; };
		B4BA9BD1C15569BC8FA6486C /* Pods-SpringAnimate.debug.xcconfig */ = {isa = PBXFileReference; includeInIndex = 1; lastKnownFileType = text.xcconfig; name = "Pods-SpringAnimate.debug.xcconfig"; path = "Target Support Files/Pods-SpringAnimate/Pods-SpringAnimate.debug.xcconfig"; sourceTree = "<group>"; };
		DDEB89398CC4E26A636CEBF7 /* Pods-SpringAnimate.release.xcconfig */ = {isa = PBXFileReference; includeInIndex = 1; lastKnownFileType = text.xcconfig; name = "Pods-SpringAnimate.release.xcconfig"; path = "Target Support Files/Pods-SpringAnimate/Pods-SpringAnimate.release.xcconfig"; sourceTree = "<group>"; };
/* End PBXFileReference section */

/* Begin PBXFrameworksBuildPhase section */
		95CA393A26FB262800267DEE /* Frameworks */ = {
			isa = PBXFrameworksBuildPhase;
			buildActionMask = 2147483647;
			files = (
				D9EFE7E2F3E711D0BF072C83 /* Pods_SpringAnimate.framework in Frameworks */,
			);
			runOnlyForDeploymentPostprocessing = 0;
		};
/* End PBXFrameworksBuildPhase section */

/* Begin PBXGroup section */
		11F26E84EBEE578572C35AC1 /* Pods */ = {
			isa = PBXGroup;
			children = (
				B4BA9BD1C15569BC8FA6486C /* Pods-SpringAnimate.debug.xcconfig */,
				DDEB89398CC4E26A636CEBF7 /* Pods-SpringAnimate.release.xcconfig */,
			);
			path = Pods;
			sourceTree = "<group>";
		};
		950F16E426FBB55B00085A0D /* ViewControllers */ = {
			isa = PBXGroup;
			children = (
				95CA394426FB262800267DEE /* MainViewController.swift */,
			);
			path = ViewControllers;
			sourceTree = "<group>";
		};
		950F16E526FBB56800085A0D /* Models */ = {
			isa = PBXGroup;
			children = (
				95CA395426FB2F9D00267DEE /* Animate.swift */,
			);
			path = Models;
			sourceTree = "<group>";
		};
		950F16E626FBB56E00085A0D /* Services */ = {
			isa = PBXGroup;
			children = (
				950F16E226FB85F900085A0D /* DataAnimation.swift */,
			);
			path = Services;
			sourceTree = "<group>";
		};
		950F16E726FBB57600085A0D /* Storyboard */ = {
			isa = PBXGroup;
			children = (
				95CA394626FB262800267DEE /* Main.storyboard */,
				95CA394B26FB262900267DEE /* LaunchScreen.storyboard */,
			);
			path = Storyboard;
			sourceTree = "<group>";
		};
		95CA393426FB262800267DEE = {
			isa = PBXGroup;
			children = (
				95CA393F26FB262800267DEE /* SpringAnimate */,
				95CA393E26FB262800267DEE /* Products */,
				11F26E84EBEE578572C35AC1 /* Pods */,
				FD1C81FBE72AE857141702E0 /* Frameworks */,
			);
			sourceTree = "<group>";
		};
		95CA393E26FB262800267DEE /* Products */ = {
			isa = PBXGroup;
			children = (
				95CA393D26FB262800267DEE /* SpringAnimate.app */,
			);
			name = Products;
			sourceTree = "<group>";
		};
		95CA393F26FB262800267DEE /* SpringAnimate */ = {
			isa = PBXGroup;
			children = (
				95CA394026FB262800267DEE /* AppDelegate.swift */,
				95CA394226FB262800267DEE /* SceneDelegate.swift */,
				950F16E426FBB55B00085A0D /* ViewControllers */,
				950F16E526FBB56800085A0D /* Models */,
				950F16E626FBB56E00085A0D /* Services */,
				950F16E726FBB57600085A0D /* Storyboard */,
				95CA394926FB262900267DEE /* Assets.xcassets */,
				95CA394E26FB262900267DEE /* Info.plist */,
			);
			path = SpringAnimate;
			sourceTree = "<group>";
		};
		FD1C81FBE72AE857141702E0 /* Frameworks */ = {
			isa = PBXGroup;
			children = (
				437F645B056BF6B9A7807D54 /* Pods_SpringAnimate.framework */,
			);
			name = Frameworks;
			sourceTree = "<group>";
		};
/* End PBXGroup section */

/* Begin PBXNativeTarget section */
		95CA393C26FB262800267DEE /* SpringAnimate */ = {
			isa = PBXNativeTarget;
			buildConfigurationList = 95CA395126FB262900267DEE /* Build configuration list for PBXNativeTarget "SpringAnimate" */;
			buildPhases = (
				682A32E285EC072AD2B4ACB1 /* [CP] Check Pods Manifest.lock */,
				95CA393926FB262800267DEE /* Sources */,
				95CA393A26FB262800267DEE /* Frameworks */,
				95CA393B26FB262800267DEE /* Resources */,
				938DDC753226E08D5BB66FE3 /* [CP] Embed Pods Frameworks */,
			);
			buildRules = (
			);
			dependencies = (
			);
			name = SpringAnimate;
			productName = SpringAnimate;
			productReference = 95CA393D26FB262800267DEE /* SpringAnimate.app */;
			productType = "com.apple.product-type.application";
		};
/* End PBXNativeTarget section */

/* Begin PBXProject section */
		95CA393526FB262800267DEE /* Project object */ = {
			isa = PBXProject;
			attributes = {
				BuildIndependentTargetsInParallel = 1;
				LastSwiftUpdateCheck = 1300;
				LastUpgradeCheck = 1300;
				TargetAttributes = {
					95CA393C26FB262800267DEE = {
						CreatedOnToolsVersion = 13.0;
					};
				};
			};
			buildConfigurationList = 95CA393826FB262800267DEE /* Build configuration list for PBXProject "SpringAnimate" */;
			compatibilityVersion = "Xcode 13.0";
			developmentRegion = en;
			hasScannedForEncodings = 0;
			knownRegions = (
				en,
				Base,
			);
			mainGroup = 95CA393426FB262800267DEE;
			productRefGroup = 95CA393E26FB262800267DEE /* Products */;
			projectDirPath = "";
			projectRoot = "";
			targets = (
				95CA393C26FB262800267DEE /* SpringAnimate */,
			);
		};
/* End PBXProject section */

/* Begin PBXResourcesBuildPhase section */
		95CA393B26FB262800267DEE /* Resources */ = {
			isa = PBXResourcesBuildPhase;
			buildActionMask = 2147483647;
			files = (
				95CA394D26FB262900267DEE /* LaunchScreen.storyboard in Resources */,
				95CA394A26FB262900267DEE /* Assets.xcassets in Resources */,
				95CA394826FB262800267DEE /* Main.storyboard in Resources */,
			);
			runOnlyForDeploymentPostprocessing = 0;
		};
/* End PBXResourcesBuildPhase section */

/* Begin PBXShellScriptBuildPhase section */
		682A32E285EC072AD2B4ACB1 /* [CP] Check Pods Manifest.lock */ = {
			isa = PBXShellScriptBuildPhase;
			buildActionMask = 2147483647;
			files = (
			);
			inputFileListPaths = (
			);
			inputPaths = (
				"${PODS_PODFILE_DIR_PATH}/Podfile.lock",
				"${PODS_ROOT}/Manifest.lock",
			);
			name = "[CP] Check Pods Manifest.lock";
			outputFileListPaths = (
			);
			outputPaths = (
				"$(DERIVED_FILE_DIR)/Pods-SpringAnimate-checkManifestLockResult.txt",
			);
			runOnlyForDeploymentPostprocessing = 0;
			shellPath = /bin/sh;
			shellScript = "diff \"${PODS_PODFILE_DIR_PATH}/Podfile.lock\" \"${PODS_ROOT}/Manifest.lock\" > /dev/null\nif [ $? != 0 ] ; then\n    # print error to STDERR\n    echo \"error: The sandbox is not in sync with the Podfile.lock. Run 'pod install' or update your CocoaPods installation.\" >&2\n    exit 1\nfi\n# This output is used by Xcode 'outputs' to avoid re-running this script phase.\necho \"SUCCESS\" > \"${SCRIPT_OUTPUT_FILE_0}\"\n";
			showEnvVarsInLog = 0;
		};
		938DDC753226E08D5BB66FE3 /* [CP] Embed Pods Frameworks */ = {
			isa = PBXShellScriptBuildPhase;
			buildActionMask = 2147483647;
			files = (
			);
			inputFileListPaths = (
				"${PODS_ROOT}/Target Support Files/Pods-SpringAnimate/Pods-SpringAnimate-frameworks-${CONFIGURATION}-input-files.xcfilelist",
			);
			name = "[CP] Embed Pods Frameworks";
			outputFileListPaths = (
				"${PODS_ROOT}/Target Support Files/Pods-SpringAnimate/Pods-SpringAnimate-frameworks-${CONFIGURATION}-output-files.xcfilelist",
			);
			runOnlyForDeploymentPostprocessing = 0;
			shellPath = /bin/sh;
			shellScript = "\"${PODS_ROOT}/Target Support Files/Pods-SpringAnimate/Pods-SpringAnimate-frameworks.sh\"\n";
			showEnvVarsInLog = 0;
		};
/* End PBXShellScriptBuildPhase section */

/* Begin PBXSourcesBuildPhase section */
		95CA393926FB262800267DEE /* Sources */ = {
			isa = PBXSourcesBuildPhase;
			buildActionMask = 2147483647;
			files = (
				950F16E326FB85F900085A0D /* DataAnimation.swift in Sources */,
				95CA394526FB262800267DEE /* MainViewController.swift in Sources */,
				95CA394126FB262800267DEE /* AppDelegate.swift in Sources */,
				95CA394326FB262800267DEE /* SceneDelegate.swift in Sources */,
				95CA395526FB2F9D00267DEE /* Animate.swift in Sources */,
			);
			runOnlyForDeploymentPostprocessing = 0;
		};
/* End PBXSourcesBuildPhase section */

/* Begin PBXVariantGroup section */
		95CA394626FB262800267DEE /* Main.storyboard */ = {
			isa = PBXVariantGroup;
			children = (
				95CA394726FB262800267DEE /* Base */,
			);
			name = Main.storyboard;
			sourceTree = "<group>";
		};
		95CA394B26FB262900267DEE /* LaunchScreen.storyboard */ = {
			isa = PBXVariantGroup;
			children = (
				95CA394C26FB262900267DEE /* Base */,
			);
			name = LaunchScreen.storyboard;
			sourceTree = "<group>";
		};
/* End PBXVariantGroup section */

/* Begin XCBuildConfiguration section */
		95CA394F26FB262900267DEE /* Debug */ = {
			isa = XCBuildConfiguration;
			buildSettings = {
				ALWAYS_SEARCH_USER_PATHS = NO;
				CLANG_ANALYZER_NONNULL = YES;
				CLANG_ANALYZER_NUMBER_OBJECT_CONVERSION = YES_AGGRESSIVE;
				CLANG_CXX_LANGUAGE_STANDARD = "gnu++17";
				CLANG_CXX_LIBRARY = "libc++";
				CLANG_ENABLE_MODULES = YES;
				CLANG_ENABLE_OBJC_ARC = YES;
				CLANG_ENABLE_OBJC_WEAK = YES;
				CLANG_WARN_BLOCK_CAPTURE_AUTORELEASING = YES;
				CLANG_WARN_BOOL_CONVERSION = YES;
				CLANG_WARN_COMMA = YES;
				CLANG_WARN_CONSTANT_CONVERSION = YES;
				CLANG_WARN_DEPRECATED_OBJC_IMPLEMENTATIONS = YES;
				CLANG_WARN_DIRECT_OBJC_ISA_USAGE = YES_ERROR;
				CLANG_WARN_DOCUMENTATION_COMMENTS = YES;
				CLANG_WARN_EMPTY_BODY = YES;
				CLANG_WARN_ENUM_CONVERSION = YES;
				CLANG_WARN_INFINITE_RECURSION = YES;
				CLANG_WARN_INT_CONVERSION = YES;
				CLANG_WARN_NON_LITERAL_NULL_CONVERSION = YES;
				CLANG_WARN_OBJC_IMPLICIT_RETAIN_SELF = YES;
				CLANG_WARN_OBJC_LITERAL_CONVERSION = YES;
				CLANG_WARN_OBJC_ROOT_CLASS = YES_ERROR;
				CLANG_WARN_QUOTED_INCLUDE_IN_FRAMEWORK_HEADER = YES;
				CLANG_WARN_RANGE_LOOP_ANALYSIS = YES;
				CLANG_WARN_STRICT_PROTOTYPES = YES;
				CLANG_WARN_SUSPICIOUS_MOVE = YES;
				CLANG_WARN_UNGUARDED_AVAILABILITY = YES_AGGRESSIVE;
				CLANG_WARN_UNREACHABLE_CODE = YES;
				CLANG_WARN__DUPLICATE_METHOD_MATCH = YES;
				COPY_PHASE_STRIP = NO;
				DEBUG_INFORMATION_FORMAT = dwarf;
				ENABLE_STRICT_OBJC_MSGSEND = YES;
				ENABLE_TESTABILITY = YES;
				GCC_C_LANGUAGE_STANDARD = gnu11;
				GCC_DYNAMIC_NO_PIC = NO;
				GCC_NO_COMMON_BLOCKS = YES;
				GCC_OPTIMIZATION_LEVEL = 0;
				GCC_PREPROCESSOR_DEFINITIONS = (
					"DEBUG=1",
					"$(inherited)",
				);
				GCC_WARN_64_TO_32_BIT_CONVERSION = YES;
				GCC_WARN_ABOUT_RETURN_TYPE = YES_ERROR;
				GCC_WARN_UNDECLARED_SELECTOR = YES;
				GCC_WARN_UNINITIALIZED_AUTOS = YES_AGGRESSIVE;
				GCC_WARN_UNUSED_FUNCTION = YES;
				GCC_WARN_UNUSED_VARIABLE = YES;
				IPHONEOS_DEPLOYMENT_TARGET = 15.0;
				MTL_ENABLE_DEBUG_INFO = INCLUDE_SOURCE;
				MTL_FAST_MATH = YES;
				ONLY_ACTIVE_ARCH = YES;
				SDKROOT = iphoneos;
				SWIFT_ACTIVE_COMPILATION_CONDITIONS = DEBUG;
				SWIFT_OPTIMIZATION_LEVEL = "-Onone";
			};
			name = Debug;
		};
		95CA395026FB262900267DEE /* Release */ = {
			isa = XCBuildConfiguration;
			buildSettings = {
				ALWAYS_SEARCH_USER_PATHS = NO;
				CLANG_ANALYZER_NONNULL = YES;
				CLANG_ANALYZER_NUMBER_OBJECT_CONVERSION = YES_AGGRESSIVE;
				CLANG_CXX_LANGUAGE_STANDARD = "gnu++17";
				CLANG_CXX_LIBRARY = "libc++";
				CLANG_ENABLE_MODULES = YES;
				CLANG_ENABLE_OBJC_ARC = YES;
				CLANG_ENABLE_OBJC_WEAK = YES;
				CLANG_WARN_BLOCK_CAPTURE_AUTORELEASING = YES;
				CLANG_WARN_BOOL_CONVERSION = YES;
				CLANG_WARN_COMMA = YES;
				CLANG_WARN_CONSTANT_CONVERSION = YES;
				CLANG_WARN_DEPRECATED_OBJC_IMPLEMENTATIONS = YES;
				CLANG_WARN_DIRECT_OBJC_ISA_USAGE = YES_ERROR;
				CLANG_WARN_DOCUMENTATION_COMMENTS = YES;
				CLANG_WARN_EMPTY_BODY = YES;
				CLANG_WARN_ENUM_CONVERSION = YES;
				CLANG_WARN_INFINITE_RECURSION = YES;
				CLANG_WARN_INT_CONVERSION = YES;
				CLANG_WARN_NON_LITERAL_NULL_CONVERSION = YES;
				CLANG_WARN_OBJC_IMPLICIT_RETAIN_SELF = YES;
				CLANG_WARN_OBJC_LITERAL_CONVERSION = YES;
				CLANG_WARN_OBJC_ROOT_CLASS = YES_ERROR;
				CLANG_WARN_QUOTED_INCLUDE_IN_FRAMEWORK_HEADER = YES;
				CLANG_WARN_RANGE_LOOP_ANALYSIS = YES;
				CLANG_WARN_STRICT_PROTOTYPES = YES;
				CLANG_WARN_SUSPICIOUS_MOVE = YES;
				CLANG_WARN_UNGUARDED_AVAILABILITY = YES_AGGRESSIVE;
				CLANG_WARN_UNREACHABLE_CODE = YES;
				CLANG_WARN__DUPLICATE_METHOD_MATCH = YES;
				COPY_PHASE_STRIP = NO;
				DEBUG_INFORMATION_FORMAT = "dwarf-with-dsym";
				ENABLE_NS_ASSERTIONS = NO;
				ENABLE_STRICT_OBJC_MSGSEND = YES;
				GCC_C_LANGUAGE_STANDARD = gnu11;
				GCC_NO_COMMON_BLOCKS = YES;
				GCC_WARN_64_TO_32_BIT_CONVERSION = YES;
				GCC_WARN_ABOUT_RETURN_TYPE = YES_ERROR;
				GCC_WARN_UNDECLARED_SELECTOR = YES;
				GCC_WARN_UNINITIALIZED_AUTOS = YES_AGGRESSIVE;
				GCC_WARN_UNUSED_FUNCTION = YES;
				GCC_WARN_UNUSED_VARIABLE = YES;
				IPHONEOS_DEPLOYMENT_TARGET = 15.0;
				MTL_ENABLE_DEBUG_INFO = NO;
				MTL_FAST_MATH = YES;
				SDKROOT = iphoneos;
				SWIFT_COMPILATION_MODE = wholemodule;
				SWIFT_OPTIMIZATION_LEVEL = "-O";
				VALIDATE_PRODUCT = YES;
			};
			name = Release;
		};
		95CA395226FB262900267DEE /* Debug */ = {
			isa = XCBuildConfiguration;
			baseConfigurationReference = B4BA9BD1C15569BC8FA6486C /* Pods-SpringAnimate.debug.xcconfig */;
			buildSettings = {
				ASSETCATALOG_COMPILER_APPICON_NAME = AppIcon;
				ASSETCATALOG_COMPILER_GLOBAL_ACCENT_COLOR_NAME = AccentColor;
				CODE_SIGN_STYLE = Automatic;
				CURRENT_PROJECT_VERSION = 1;
				DEVELOPMENT_TEAM = LZR67SB886;
				GENERATE_INFOPLIST_FILE = YES;
				INFOPLIST_FILE = SpringAnimate/Info.plist;
				INFOPLIST_KEY_UIApplicationSupportsIndirectInputEvents = YES;
				INFOPLIST_KEY_UILaunchStoryboardName = LaunchScreen;
				INFOPLIST_KEY_UIMainStoryboardFile = Main;
				INFOPLIST_KEY_UISupportedInterfaceOrientations_iPad = "UIInterfaceOrientationPortrait UIInterfaceOrientationPortraitUpsideDown UIInterfaceOrientationLandscapeLeft UIInterfaceOrientationLandscapeRight";
				INFOPLIST_KEY_UISupportedInterfaceOrientations_iPhone = "UIInterfaceOrientationPortrait UIInterfaceOrientationLandscapeLeft UIInterfaceOrientationLandscapeRight";
				IPHONEOS_DEPLOYMENT_TARGET = 15.0;
				LD_RUNPATH_SEARCH_PATHS = (
					"$(inherited)",
					"@executable_path/Frameworks",
				);
				MARKETING_VERSION = 1.0;
				PRODUCT_BUNDLE_IDENTIFIER = VP.SpringAnimate;
				PRODUCT_NAME = "$(TARGET_NAME)";
				SWIFT_EMIT_LOC_STRINGS = YES;
				SWIFT_VERSION = 5.0;
				TARGETED_DEVICE_FAMILY = "1,2";
			};
			name = Debug;
		};
		95CA395326FB262900267DEE /* Release */ = {
			isa = XCBuildConfiguration;
			baseConfigurationReference = DDEB89398CC4E26A636CEBF7 /* Pods-SpringAnimate.release.xcconfig */;
			buildSettings = {
				ASSETCATALOG_COMPILER_APPICON_NAME = AppIcon;
				ASSETCATALOG_COMPILER_GLOBAL_ACCENT_COLOR_NAME = AccentColor;
				CODE_SIGN_STYLE = Automatic;
				CURRENT_PROJECT_VERSION = 1;
				DEVELOPMENT_TEAM = LZR67SB886;
				GENERATE_INFOPLIST_FILE = YES;
				INFOPLIST_FILE = SpringAnimate/Info.plist;
				INFOPLIST_KEY_UIApplicationSupportsIndirectInputEvents = YES;
				INFOPLIST_KEY_UILaunchStoryboardName = LaunchScreen;
				INFOPLIST_KEY_UIMainStoryboardFile = Main;
				INFOPLIST_KEY_UISupportedInterfaceOrientations_iPad = "UIInterfaceOrientationPortrait UIInterfaceOrientationPortraitUpsideDown UIInterfaceOrientationLandscapeLeft UIInterfaceOrientationLandscapeRight";
				INFOPLIST_KEY_UISupportedInterfaceOrientations_iPhone = "UIInterfaceOrientationPortrait UIInterfaceOrientationLandscapeLeft UIInterfaceOrientationLandscapeRight";
				IPHONEOS_DEPLOYMENT_TARGET = 15.0;
				LD_RUNPATH_SEARCH_PATHS = (
					"$(inherited)",
					"@executable_path/Frameworks",
				);
				MARKETING_VERSION = 1.0;
				PRODUCT_BUNDLE_IDENTIFIER = VP.SpringAnimate;
				PRODUCT_NAME = "$(TARGET_NAME)";
				SWIFT_EMIT_LOC_STRINGS = YES;
				SWIFT_VERSION = 5.0;
				TARGETED_DEVICE_FAMILY = "1,2";
			};
			name = Release;
		};
/* End XCBuildConfiguration section */

/* Begin XCConfigurationList section */
		95CA393826FB262800267DEE /* Build configuration list for PBXProject "SpringAnimate" */ = {
			isa = XCConfigurationList;
			buildConfigurations = (
				95CA394F26FB262900267DEE /* Debug */,
				95CA395026FB262900267DEE /* Release */,
			);
			defaultConfigurationIsVisible = 0;
			defaultConfigurationName = Release;
		};
		95CA395126FB262900267DEE /* Build configuration list for PBXNativeTarget "SpringAnimate" */ = {
			isa = XCConfigurationList;
			buildConfigurations = (
				95CA395226FB262900267DEE /* Debug */,
				95CA395326FB262900267DEE /* Release */,
			);
			defaultConfigurationIsVisible = 0;
			defaultConfigurationName = Release;
		};
/* End XCConfigurationList section */
	};
	rootObject = 95CA393526FB262800267DEE /* Project object */;
}
